
Microsoft Visual Studio Solution File, Format Version 12.00
# Visual Studio 15
VisualStudioVersion = 15.0.27703.2018
MinimumVisualStudioVersion = 10.0.40219.1
Project("{FAE04EC0-301F-11D3-BF4B-00C04F79EFBC}") = "HwInf", "HwInf\HwInf.csproj", "{01D21E0B-4728-4DDD-859A-3D804D27A1FF}"
EndProject
Project("{FAE04EC0-301F-11D3-BF4B-00C04F79EFBC}") = "HwInf.Common", "HwInf.Common\HwInf.Common.csproj", "{CE712F85-A9E5-40B4-A0B1-9D3787FF8A4A}"
EndProject
Project("{FAE04EC0-301F-11D3-BF4B-00C04F79EFBC}") = "HwInf.Notifier", "HwInf.Notifier\HwInf.Notifier.csproj", "{D260C077-1BBE-4461-92B7-96195760F6F9}"
EndProject
Project("{9A19103F-16F7-4668-BE54-9A1E7A4F7556}") = "HwInf.UnitTests", "HwInf.UnitTests\HwInf.UnitTests.csproj", "{2A1D6368-2361-4E64-8232-BF3B17B2CA09}"
EndProject
Project("{2150E333-8FDC-42A3-9474-1A3956D46DE8}") = ".NET Core", ".NET Core", "{DA319E66-B7E7-4EC4-8866-F5090804CB15}"
EndProject
Project("{FAE04EC0-301F-11D3-BF4B-00C04F79EFBC}") = "HwInf.DataAccess", "HwInf.DataAccess\HwInf.DataAccess.csproj", "{B2A73E55-EF43-4F84-8C5B-542339AEC5E8}"
EndProject
Global
	GlobalSection(SolutionConfigurationPlatforms) = preSolution
		Debug|Any CPU = Debug|Any CPU
		Release|Any CPU = Release|Any CPU
	EndGlobalSection
	GlobalSection(ProjectConfigurationPlatforms) = postSolution
		{01D21E0B-4728-4DDD-859A-3D804D27A1FF}.Debug|Any CPU.ActiveCfg = Debug|Any CPU
		{01D21E0B-4728-4DDD-859A-3D804D27A1FF}.Debug|Any CPU.Build.0 = Debug|Any CPU
		{01D21E0B-4728-4DDD-859A-3D804D27A1FF}.Release|Any CPU.ActiveCfg = Release|Any CPU
		{01D21E0B-4728-4DDD-859A-3D804D27A1FF}.Release|Any CPU.Build.0 = Release|Any CPU
		{CE712F85-A9E5-40B4-A0B1-9D3787FF8A4A}.Debug|Any CPU.ActiveCfg = Debug|Any CPU
		{CE712F85-A9E5-40B4-A0B1-9D3787FF8A4A}.Debug|Any CPU.Build.0 = Debug|Any CPU
		{CE712F85-A9E5-40B4-A0B1-9D3787FF8A4A}.Release|Any CPU.ActiveCfg = Release|Any CPU
		{CE712F85-A9E5-40B4-A0B1-9D3787FF8A4A}.Release|Any CPU.Build.0 = Release|Any CPU
		{D260C077-1BBE-4461-92B7-96195760F6F9}.Debug|Any CPU.ActiveCfg = Debug|Any CPU
		{D260C077-1BBE-4461-92B7-96195760F6F9}.Debug|Any CPU.Build.0 = Debug|Any CPU
		{D260C077-1BBE-4461-92B7-96195760F6F9}.Release|Any CPU.ActiveCfg = Release|Any CPU
		{D260C077-1BBE-4461-92B7-96195760F6F9}.Release|Any CPU.Build.0 = Release|Any CPU
		{2A1D6368-2361-4E64-8232-BF3B17B2CA09}.Debug|Any CPU.ActiveCfg = Debug|Any CPU
		{2A1D6368-2361-4E64-8232-BF3B17B2CA09}.Debug|Any CPU.Build.0 = Debug|Any CPU
		{2A1D6368-2361-4E64-8232-BF3B17B2CA09}.Release|Any CPU.ActiveCfg = Release|Any CPU
		{2A1D6368-2361-4E64-8232-BF3B17B2CA09}.Release|Any CPU.Build.0 = Release|Any CPU
		{B2A73E55-EF43-4F84-8C5B-542339AEC5E8}.Debug|Any CPU.ActiveCfg = Debug|Any CPU
		{B2A73E55-EF43-4F84-8C5B-542339AEC5E8}.Debug|Any CPU.Build.0 = Debug|Any CPU
		{B2A73E55-EF43-4F84-8C5B-542339AEC5E8}.Release|Any CPU.ActiveCfg = Release|Any CPU
		{B2A73E55-EF43-4F84-8C5B-542339AEC5E8}.Release|Any CPU.Build.0 = Release|Any CPU
	EndGlobalSection
	GlobalSection(SolutionProperties) = preSolution
		HideSolutionNode = FALSE
	EndGlobalSection
	GlobalSection(NestedProjects) = preSolution
		{2A1D6368-2361-4E64-8232-BF3B17B2CA09} = {DA319E66-B7E7-4EC4-8866-F5090804CB15}
		{B2A73E55-EF43-4F84-8C5B-542339AEC5E8} = {DA319E66-B7E7-4EC4-8866-F5090804CB15}
	EndGlobalSection
	GlobalSection(ExtensibilityGlobals) = postSolution
		SolutionGuid = {4FDE17A1-17F1-47B2-AC24-292AF7FDBA55}
	EndGlobalSection
EndGlobal
