
Microsoft Visual Studio Solution File, Format Version 12.00
# Visual Studio 15
VisualStudioVersion = 15.0.27703.2018
MinimumVisualStudioVersion = 10.0.40219.1
Project("{9A19103F-16F7-4668-BE54-9A1E7A4F7556}") = "HwInf.UnitTests", "HwInf.UnitTests\HwInf.UnitTests.csproj", "{2A1D6368-2361-4E64-8232-BF3B17B2CA09}"
EndProject
Project("{2150E333-8FDC-42A3-9474-1A3956D46DE8}") = ".NET Core", ".NET Core", "{DA319E66-B7E7-4EC4-8866-F5090804CB15}"
EndProject
Project("{9A19103F-16F7-4668-BE54-9A1E7A4F7556}") = "HwInf.DataAccess", "HwInf.DataAccess\HwInf.DataAccess.csproj", "{B2A73E55-EF43-4F84-8C5B-542339AEC5E8}"
EndProject
Project("{9A19103F-16F7-4668-BE54-9A1E7A4F7556}") = "HwInf.Common", "HwInf.Common\HwInf.Common.csproj", "{A8842646-4928-4F11-B05B-20DD4AB96B56}"
EndProject
Project("{9A19103F-16F7-4668-BE54-9A1E7A4F7556}") = "DinkToPdf", "HwInf.DinkToPdf\DinkToPdf.csproj", "{A93F1789-A683-43D1-BCFA-AB772240CF26}"
EndProject
Project("{9A19103F-16F7-4668-BE54-9A1E7A4F7556}") = "HwInf.Web", "HwInf.Web\HwInf.Web.csproj", "{708C88CB-E270-4381-90CB-F4DF17525D32}"
EndProject
Project("{9A19103F-16F7-4668-BE54-9A1E7A4F7556}") = "HwInf.BusinessLogic", "HwInf.BusinessLogic\HwInf.BusinessLogic.csproj", "{7CB1C90E-AE32-4B21-91EC-8DF8DFAAF08F}"
EndProject
Project("{9A19103F-16F7-4668-BE54-9A1E7A4F7556}") = "HwInf.Services", "HwInf.Services\HwInf.Services.csproj", "{3CF8E750-EB5B-4E52-8430-5FE477129D76}"
EndProject
Project("{2150E333-8FDC-42A3-9474-1A3956D46DE8}") = "ThirdPary", "ThirdPary", "{EF9EC493-357A-4033-9DD1-E783CCF3D971}"
EndProject
Project("{2150E333-8FDC-42A3-9474-1A3956D46DE8}") = "Testing", "Testing", "{0D0C897B-B89F-4233-BDBE-D2840144E579}"
EndProject
Global
	GlobalSection(SolutionConfigurationPlatforms) = preSolution
		Debug|Any CPU = Debug|Any CPU
		Debug|x64 = Debug|x64
		Release|Any CPU = Release|Any CPU
		Release|x64 = Release|x64
	EndGlobalSection
	GlobalSection(ProjectConfigurationPlatforms) = postSolution
		{2A1D6368-2361-4E64-8232-BF3B17B2CA09}.Debug|Any CPU.ActiveCfg = Debug|Any CPU
		{2A1D6368-2361-4E64-8232-BF3B17B2CA09}.Debug|Any CPU.Build.0 = Debug|Any CPU
		{2A1D6368-2361-4E64-8232-BF3B17B2CA09}.Debug|x64.ActiveCfg = Debug|Any CPU
		{2A1D6368-2361-4E64-8232-BF3B17B2CA09}.Debug|x64.Build.0 = Debug|Any CPU
		{2A1D6368-2361-4E64-8232-BF3B17B2CA09}.Release|Any CPU.ActiveCfg = Release|Any CPU
		{2A1D6368-2361-4E64-8232-BF3B17B2CA09}.Release|Any CPU.Build.0 = Release|Any CPU
		{2A1D6368-2361-4E64-8232-BF3B17B2CA09}.Release|x64.ActiveCfg = Release|Any CPU
		{2A1D6368-2361-4E64-8232-BF3B17B2CA09}.Release|x64.Build.0 = Release|Any CPU
		{B2A73E55-EF43-4F84-8C5B-542339AEC5E8}.Debug|Any CPU.ActiveCfg = Debug|Any CPU
		{B2A73E55-EF43-4F84-8C5B-542339AEC5E8}.Debug|Any CPU.Build.0 = Debug|Any CPU
		{B2A73E55-EF43-4F84-8C5B-542339AEC5E8}.Debug|x64.ActiveCfg = Debug|Any CPU
		{B2A73E55-EF43-4F84-8C5B-542339AEC5E8}.Debug|x64.Build.0 = Debug|Any CPU
		{B2A73E55-EF43-4F84-8C5B-542339AEC5E8}.Release|Any CPU.ActiveCfg = Release|Any CPU
		{B2A73E55-EF43-4F84-8C5B-542339AEC5E8}.Release|Any CPU.Build.0 = Release|Any CPU
		{B2A73E55-EF43-4F84-8C5B-542339AEC5E8}.Release|x64.ActiveCfg = Release|Any CPU
		{B2A73E55-EF43-4F84-8C5B-542339AEC5E8}.Release|x64.Build.0 = Release|Any CPU
		{A8842646-4928-4F11-B05B-20DD4AB96B56}.Debug|Any CPU.ActiveCfg = Debug|Any CPU
		{A8842646-4928-4F11-B05B-20DD4AB96B56}.Debug|Any CPU.Build.0 = Debug|Any CPU
		{A8842646-4928-4F11-B05B-20DD4AB96B56}.Debug|x64.ActiveCfg = Debug|Any CPU
		{A8842646-4928-4F11-B05B-20DD4AB96B56}.Debug|x64.Build.0 = Debug|Any CPU
		{A8842646-4928-4F11-B05B-20DD4AB96B56}.Release|Any CPU.ActiveCfg = Release|Any CPU
		{A8842646-4928-4F11-B05B-20DD4AB96B56}.Release|Any CPU.Build.0 = Release|Any CPU
		{A8842646-4928-4F11-B05B-20DD4AB96B56}.Release|x64.ActiveCfg = Release|Any CPU
		{A8842646-4928-4F11-B05B-20DD4AB96B56}.Release|x64.Build.0 = Release|Any CPU
		{A93F1789-A683-43D1-BCFA-AB772240CF26}.Debug|Any CPU.ActiveCfg = Debug|Any CPU
		{A93F1789-A683-43D1-BCFA-AB772240CF26}.Debug|Any CPU.Build.0 = Debug|Any CPU
		{A93F1789-A683-43D1-BCFA-AB772240CF26}.Debug|x64.ActiveCfg = Debug|x64
		{A93F1789-A683-43D1-BCFA-AB772240CF26}.Debug|x64.Build.0 = Debug|x64
		{A93F1789-A683-43D1-BCFA-AB772240CF26}.Release|Any CPU.ActiveCfg = Release|Any CPU
		{A93F1789-A683-43D1-BCFA-AB772240CF26}.Release|Any CPU.Build.0 = Release|Any CPU
		{A93F1789-A683-43D1-BCFA-AB772240CF26}.Release|x64.ActiveCfg = Release|x64
		{A93F1789-A683-43D1-BCFA-AB772240CF26}.Release|x64.Build.0 = Release|x64
		{708C88CB-E270-4381-90CB-F4DF17525D32}.Debug|Any CPU.ActiveCfg = Debug|Any CPU
		{708C88CB-E270-4381-90CB-F4DF17525D32}.Debug|Any CPU.Build.0 = Debug|Any CPU
		{708C88CB-E270-4381-90CB-F4DF17525D32}.Debug|x64.ActiveCfg = Debug|Any CPU
		{708C88CB-E270-4381-90CB-F4DF17525D32}.Debug|x64.Build.0 = Debug|Any CPU
		{708C88CB-E270-4381-90CB-F4DF17525D32}.Release|Any CPU.ActiveCfg = Release|Any CPU
		{708C88CB-E270-4381-90CB-F4DF17525D32}.Release|Any CPU.Build.0 = Release|Any CPU
		{708C88CB-E270-4381-90CB-F4DF17525D32}.Release|x64.ActiveCfg = Release|Any CPU
		{708C88CB-E270-4381-90CB-F4DF17525D32}.Release|x64.Build.0 = Release|Any CPU
		{7CB1C90E-AE32-4B21-91EC-8DF8DFAAF08F}.Debug|Any CPU.ActiveCfg = Debug|Any CPU
		{7CB1C90E-AE32-4B21-91EC-8DF8DFAAF08F}.Debug|Any CPU.Build.0 = Debug|Any CPU
		{7CB1C90E-AE32-4B21-91EC-8DF8DFAAF08F}.Debug|x64.ActiveCfg = Debug|Any CPU
		{7CB1C90E-AE32-4B21-91EC-8DF8DFAAF08F}.Debug|x64.Build.0 = Debug|Any CPU
		{7CB1C90E-AE32-4B21-91EC-8DF8DFAAF08F}.Release|Any CPU.ActiveCfg = Release|Any CPU
		{7CB1C90E-AE32-4B21-91EC-8DF8DFAAF08F}.Release|Any CPU.Build.0 = Release|Any CPU
		{7CB1C90E-AE32-4B21-91EC-8DF8DFAAF08F}.Release|x64.ActiveCfg = Release|Any CPU
		{7CB1C90E-AE32-4B21-91EC-8DF8DFAAF08F}.Release|x64.Build.0 = Release|Any CPU
		{3CF8E750-EB5B-4E52-8430-5FE477129D76}.Debug|Any CPU.ActiveCfg = Debug|Any CPU
		{3CF8E750-EB5B-4E52-8430-5FE477129D76}.Debug|Any CPU.Build.0 = Debug|Any CPU
		{3CF8E750-EB5B-4E52-8430-5FE477129D76}.Debug|x64.ActiveCfg = Debug|Any CPU
		{3CF8E750-EB5B-4E52-8430-5FE477129D76}.Debug|x64.Build.0 = Debug|Any CPU
		{3CF8E750-EB5B-4E52-8430-5FE477129D76}.Release|Any CPU.ActiveCfg = Release|Any CPU
		{3CF8E750-EB5B-4E52-8430-5FE477129D76}.Release|Any CPU.Build.0 = Release|Any CPU
		{3CF8E750-EB5B-4E52-8430-5FE477129D76}.Release|x64.ActiveCfg = Release|Any CPU
		{3CF8E750-EB5B-4E52-8430-5FE477129D76}.Release|x64.Build.0 = Release|Any CPU
	EndGlobalSection
	GlobalSection(SolutionProperties) = preSolution
		HideSolutionNode = FALSE
	EndGlobalSection
	GlobalSection(NestedProjects) = preSolution
		{2A1D6368-2361-4E64-8232-BF3B17B2CA09} = {0D0C897B-B89F-4233-BDBE-D2840144E579}
		{B2A73E55-EF43-4F84-8C5B-542339AEC5E8} = {DA319E66-B7E7-4EC4-8866-F5090804CB15}
		{A8842646-4928-4F11-B05B-20DD4AB96B56} = {DA319E66-B7E7-4EC4-8866-F5090804CB15}
		{A93F1789-A683-43D1-BCFA-AB772240CF26} = {EF9EC493-357A-4033-9DD1-E783CCF3D971}
		{708C88CB-E270-4381-90CB-F4DF17525D32} = {DA319E66-B7E7-4EC4-8866-F5090804CB15}
		{7CB1C90E-AE32-4B21-91EC-8DF8DFAAF08F} = {DA319E66-B7E7-4EC4-8866-F5090804CB15}
		{3CF8E750-EB5B-4E52-8430-5FE477129D76} = {DA319E66-B7E7-4EC4-8866-F5090804CB15}
		{EF9EC493-357A-4033-9DD1-E783CCF3D971} = {DA319E66-B7E7-4EC4-8866-F5090804CB15}
		{0D0C897B-B89F-4233-BDBE-D2840144E579} = {DA319E66-B7E7-4EC4-8866-F5090804CB15}
	EndGlobalSection
	GlobalSection(ExtensibilityGlobals) = postSolution
		SolutionGuid = {4FDE17A1-17F1-47B2-AC24-292AF7FDBA55}
	EndGlobalSection
EndGlobal
