
Microsoft Visual Studio Solution File, Format Version 12.00
# Visual Studio 14
VisualStudioVersion = 14.0.25420.1
MinimumVisualStudioVersion = 10.0.40219.1
Project("{FAE04EC0-301F-11D3-BF4B-00C04F79EFBC}") = "HwInf", "HwInf\HwInf.csproj", "{01D21E0B-4728-4DDD-859A-3D804D27A1FF}"
EndProject
Project("{FAE04EC0-301F-11D3-BF4B-00C04F79EFBC}") = "HwInf.Common", "HwInf.Common\HwInf.Common.csproj", "{CE712F85-A9E5-40B4-A0B1-9D3787FF8A4A}"
EndProject
Project("{FAE04EC0-301F-11D3-BF4B-00C04F79EFBC}") = "HwInf.Angular", "HwInf.Angular\HwInf.Angular.csproj", "{4D2492C4-7A23-4749-9E77-41800F373C87}"
EndProject
Global
	GlobalSection(SolutionConfigurationPlatforms) = preSolution
		Debug|Any CPU = Debug|Any CPU
		Release|Any CPU = Release|Any CPU
	EndGlobalSection
	GlobalSection(ProjectConfigurationPlatforms) = postSolution
		{01D21E0B-4728-4DDD-859A-3D804D27A1FF}.Debug|Any CPU.ActiveCfg = Debug|Any CPU
		{01D21E0B-4728-4DDD-859A-3D804D27A1FF}.Debug|Any CPU.Build.0 = Debug|Any CPU
		{01D21E0B-4728-4DDD-859A-3D804D27A1FF}.Release|Any CPU.ActiveCfg = Release|Any CPU
		{01D21E0B-4728-4DDD-859A-3D804D27A1FF}.Release|Any CPU.Build.0 = Release|Any CPU
		{CE712F85-A9E5-40B4-A0B1-9D3787FF8A4A}.Debug|Any CPU.ActiveCfg = Debug|Any CPU
		{CE712F85-A9E5-40B4-A0B1-9D3787FF8A4A}.Debug|Any CPU.Build.0 = Debug|Any CPU
		{CE712F85-A9E5-40B4-A0B1-9D3787FF8A4A}.Release|Any CPU.ActiveCfg = Release|Any CPU
		{CE712F85-A9E5-40B4-A0B1-9D3787FF8A4A}.Release|Any CPU.Build.0 = Release|Any CPU
		{4D2492C4-7A23-4749-9E77-41800F373C87}.Debug|Any CPU.ActiveCfg = Debug|Any CPU
		{4D2492C4-7A23-4749-9E77-41800F373C87}.Debug|Any CPU.Build.0 = Debug|Any CPU
		{4D2492C4-7A23-4749-9E77-41800F373C87}.Release|Any CPU.ActiveCfg = Release|Any CPU
		{4D2492C4-7A23-4749-9E77-41800F373C87}.Release|Any CPU.Build.0 = Release|Any CPU
	EndGlobalSection
	GlobalSection(SolutionProperties) = preSolution
		HideSolutionNode = FALSE
	EndGlobalSection
EndGlobal
